
Microsoft Visual Studio Solution File, Format Version 12.00
# Visual Studio Version 17
VisualStudioVersion = 17.0.31903.59
MinimumVisualStudioVersion = 10.0.40219.1
Project("{2150E333-8FDC-42A3-9474-1A3956D46DE8}") = "src", "src", "{827E0CD3-B72D-47B6-A68D-7590B98EB39B}"
EndProject
Project("{2150E333-8FDC-42A3-9474-1A3956D46DE8}") = "tests", "tests", "{A1B2C3D4-E5F6-4A7B-8C9D-0E1F2A3B4C5D}"
EndProject
Project("{FAE04EC0-301F-11D3-BF4B-00C04F79EFBC}") = "Pedidos.Domain", "src\Pedidos.Domain\Pedidos.Domain.csproj", "{8A25AEF9-E9EF-4523-A4A7-D6A13BA9AE45}"
EndProject
Project("{FAE04EC0-301F-11D3-BF4B-00C04F79EFBC}") = "Pedidos.Application", "src\Pedidos.Application\Pedidos.Application.csproj", "{1364BF90-E90A-4A4B-A7C6-50F5E72C48E4}"
EndProject
Project("{FAE04EC0-301F-11D3-BF4B-00C04F79EFBC}") = "Pedidos.Infrastructure", "src\Pedidos.Infrastructure\Pedidos.Infrastructure.csproj", "{24ED2E8B-F41B-4991-B5BB-F1BD7970722B}"
EndProject
Project("{FAE04EC0-301F-11D3-BF4B-00C04F79EFBC}") = "Pedidos.Api", "src\Pedidos.Api\Pedidos.Api.csproj", "{66841EFB-9CAC-4DF5-8BC2-30EC2B814E75}"
EndProject
Project("{FAE04EC0-301F-11D3-BF4B-00C04F79EFBC}") = "Pedidos.Domain.Tests", "tests\Pedidos.Domain.Tests\Pedidos.Domain.Tests.csproj", "{FBB7162D-B7A3-4120-88D9-79163B185E3C}"
EndProject
Project("{FAE04EC0-301F-11D3-BF4B-00C04F79EFBC}") = "Pedidos.Application.Tests", "tests\Pedidos.Application.Tests\Pedidos.Application.Tests.csproj", "{6EB4A818-3026-4E26-8FEE-7A6CEDA304FF}"
EndProject
Global
	GlobalSection(SolutionConfigurationPlatforms) = preSolution
		Debug|Any CPU = Debug|Any CPU
		Debug|x64 = Debug|x64
		Debug|x86 = Debug|x86
		Release|Any CPU = Release|Any CPU
		Release|x64 = Release|x64
		Release|x86 = Release|x86
	EndGlobalSection
	GlobalSection(ProjectConfigurationPlatforms) = postSolution
		{8A25AEF9-E9EF-4523-A4A7-D6A13BA9AE45}.Debug|Any CPU.ActiveCfg = Debug|Any CPU
		{8A25AEF9-E9EF-4523-A4A7-D6A13BA9AE45}.Debug|Any CPU.Build.0 = Debug|Any CPU
		{8A25AEF9-E9EF-4523-A4A7-D6A13BA9AE45}.Debug|x64.ActiveCfg = Debug|Any CPU
		{8A25AEF9-E9EF-4523-A4A7-D6A13BA9AE45}.Debug|x64.Build.0 = Debug|Any CPU
		{8A25AEF9-E9EF-4523-A4A7-D6A13BA9AE45}.Debug|x86.ActiveCfg = Debug|Any CPU
		{8A25AEF9-E9EF-4523-A4A7-D6A13BA9AE45}.Debug|x86.Build.0 = Debug|Any CPU
		{8A25AEF9-E9EF-4523-A4A7-D6A13BA9AE45}.Release|Any CPU.ActiveCfg = Release|Any CPU
		{8A25AEF9-E9EF-4523-A4A7-D6A13BA9AE45}.Release|Any CPU.Build.0 = Release|Any CPU
		{8A25AEF9-E9EF-4523-A4A7-D6A13BA9AE45}.Release|x64.ActiveCfg = Release|Any CPU
		{8A25AEF9-E9EF-4523-A4A7-D6A13BA9AE45}.Release|x64.Build.0 = Release|Any CPU
		{8A25AEF9-E9EF-4523-A4A7-D6A13BA9AE45}.Release|x86.ActiveCfg = Release|Any CPU
		{8A25AEF9-E9EF-4523-A4A7-D6A13BA9AE45}.Release|x86.Build.0 = Release|Any CPU
		{1364BF90-E90A-4A4B-A7C6-50F5E72C48E4}.Debug|Any CPU.ActiveCfg = Debug|Any CPU
		{1364BF90-E90A-4A4B-A7C6-50F5E72C48E4}.Debug|Any CPU.Build.0 = Debug|Any CPU
		{1364BF90-E90A-4A4B-A7C6-50F5E72C48E4}.Debug|x64.ActiveCfg = Debug|Any CPU
		{1364BF90-E90A-4A4B-A7C6-50F5E72C48E4}.Debug|x64.Build.0 = Debug|Any CPU
		{1364BF90-E90A-4A4B-A7C6-50F5E72C48E4}.Debug|x86.ActiveCfg = Debug|Any CPU
		{1364BF90-E90A-4A4B-A7C6-50F5E72C48E4}.Debug|x86.Build.0 = Debug|Any CPU
		{1364BF90-E90A-4A4B-A7C6-50F5E72C48E4}.Release|Any CPU.ActiveCfg = Release|Any CPU
		{1364BF90-E90A-4A4B-A7C6-50F5E72C48E4}.Release|Any CPU.Build.0 = Release|Any CPU
		{1364BF90-E90A-4A4B-A7C6-50F5E72C48E4}.Release|x64.ActiveCfg = Release|Any CPU
		{1364BF90-E90A-4A4B-A7C6-50F5E72C48E4}.Release|x64.Build.0 = Release|Any CPU
		{1364BF90-E90A-4A4B-A7C6-50F5E72C48E4}.Release|x86.ActiveCfg = Release|Any CPU
		{1364BF90-E90A-4A4B-A7C6-50F5E72C48E4}.Release|x86.Build.0 = Release|Any CPU
		{24ED2E8B-F41B-4991-B5BB-F1BD7970722B}.Debug|Any CPU.ActiveCfg = Debug|Any CPU
		{24ED2E8B-F41B-4991-B5BB-F1BD7970722B}.Debug|Any CPU.Build.0 = Debug|Any CPU
		{24ED2E8B-F41B-4991-B5BB-F1BD7970722B}.Debug|x64.ActiveCfg = Debug|Any CPU
		{24ED2E8B-F41B-4991-B5BB-F1BD7970722B}.Debug|x64.Build.0 = Debug|Any CPU
		{24ED2E8B-F41B-4991-B5BB-F1BD7970722B}.Debug|x86.ActiveCfg = Debug|Any CPU
		{24ED2E8B-F41B-4991-B5BB-F1BD7970722B}.Debug|x86.Build.0 = Debug|Any CPU
		{24ED2E8B-F41B-4991-B5BB-F1BD7970722B}.Release|Any CPU.ActiveCfg = Release|Any CPU
		{24ED2E8B-F41B-4991-B5BB-F1BD7970722B}.Release|Any CPU.Build.0 = Release|Any CPU
		{24ED2E8B-F41B-4991-B5BB-F1BD7970722B}.Release|x64.ActiveCfg = Release|Any CPU
		{24ED2E8B-F41B-4991-B5BB-F1BD7970722B}.Release|x64.Build.0 = Release|Any CPU
		{24ED2E8B-F41B-4991-B5BB-F1BD7970722B}.Release|x86.ActiveCfg = Release|Any CPU
		{24ED2E8B-F41B-4991-B5BB-F1BD7970722B}.Release|x86.Build.0 = Release|Any CPU
		{66841EFB-9CAC-4DF5-8BC2-30EC2B814E75}.Debug|Any CPU.ActiveCfg = Debug|Any CPU
		{66841EFB-9CAC-4DF5-8BC2-30EC2B814E75}.Debug|Any CPU.Build.0 = Debug|Any CPU
		{66841EFB-9CAC-4DF5-8BC2-30EC2B814E75}.Debug|x64.ActiveCfg = Debug|Any CPU
		{66841EFB-9CAC-4DF5-8BC2-30EC2B814E75}.Debug|x64.Build.0 = Debug|Any CPU
		{66841EFB-9CAC-4DF5-8BC2-30EC2B814E75}.Debug|x86.ActiveCfg = Debug|Any CPU
		{66841EFB-9CAC-4DF5-8BC2-30EC2B814E75}.Debug|x86.Build.0 = Debug|Any CPU
		{66841EFB-9CAC-4DF5-8BC2-30EC2B814E75}.Release|Any CPU.ActiveCfg = Release|Any CPU
		{66841EFB-9CAC-4DF5-8BC2-30EC2B814E75}.Release|Any CPU.Build.0 = Release|Any CPU
		{66841EFB-9CAC-4DF5-8BC2-30EC2B814E75}.Release|x64.ActiveCfg = Release|Any CPU
		{66841EFB-9CAC-4DF5-8BC2-30EC2B814E75}.Release|x64.Build.0 = Release|Any CPU
		{66841EFB-9CAC-4DF5-8BC2-30EC2B814E75}.Release|x86.ActiveCfg = Release|Any CPU
		{66841EFB-9CAC-4DF5-8BC2-30EC2B814E75}.Release|x86.Build.0 = Release|Any CPU
		{FBB7162D-B7A3-4120-88D9-79163B185E3C}.Debug|Any CPU.ActiveCfg = Debug|Any CPU
		{FBB7162D-B7A3-4120-88D9-79163B185E3C}.Debug|Any CPU.Build.0 = Debug|Any CPU
		{FBB7162D-B7A3-4120-88D9-79163B185E3C}.Debug|x64.ActiveCfg = Debug|Any CPU
		{FBB7162D-B7A3-4120-88D9-79163B185E3C}.Debug|x64.Build.0 = Debug|Any CPU
		{FBB7162D-B7A3-4120-88D9-79163B185E3C}.Debug|x86.ActiveCfg = Debug|Any CPU
		{FBB7162D-B7A3-4120-88D9-79163B185E3C}.Debug|x86.Build.0 = Debug|Any CPU
		{FBB7162D-B7A3-4120-88D9-79163B185E3C}.Release|Any CPU.ActiveCfg = Release|Any CPU
		{FBB7162D-B7A3-4120-88D9-79163B185E3C}.Release|Any CPU.Build.0 = Release|Any CPU
		{FBB7162D-B7A3-4120-88D9-79163B185E3C}.Release|x64.ActiveCfg = Release|Any CPU
		{FBB7162D-B7A3-4120-88D9-79163B185E3C}.Release|x64.Build.0 = Release|Any CPU
		{FBB7162D-B7A3-4120-88D9-79163B185E3C}.Release|x86.ActiveCfg = Release|Any CPU
		{FBB7162D-B7A3-4120-88D9-79163B185E3C}.Release|x86.Build.0 = Release|Any CPU
		{6EB4A818-3026-4E26-8FEE-7A6CEDA304FF}.Debug|Any CPU.ActiveCfg = Debug|Any CPU
		{6EB4A818-3026-4E26-8FEE-7A6CEDA304FF}.Debug|Any CPU.Build.0 = Debug|Any CPU
		{6EB4A818-3026-4E26-8FEE-7A6CEDA304FF}.Debug|x64.ActiveCfg = Debug|Any CPU
		{6EB4A818-3026-4E26-8FEE-7A6CEDA304FF}.Debug|x64.Build.0 = Debug|Any CPU
		{6EB4A818-3026-4E26-8FEE-7A6CEDA304FF}.Debug|x86.ActiveCfg = Debug|Any CPU
		{6EB4A818-3026-4E26-8FEE-7A6CEDA304FF}.Debug|x86.Build.0 = Debug|Any CPU
		{6EB4A818-3026-4E26-8FEE-7A6CEDA304FF}.Release|Any CPU.ActiveCfg = Release|Any CPU
		{6EB4A818-3026-4E26-8FEE-7A6CEDA304FF}.Release|Any CPU.Build.0 = Release|Any CPU
		{6EB4A818-3026-4E26-8FEE-7A6CEDA304FF}.Release|x64.ActiveCfg = Release|Any CPU
		{6EB4A818-3026-4E26-8FEE-7A6CEDA304FF}.Release|x64.Build.0 = Release|Any CPU
		{6EB4A818-3026-4E26-8FEE-7A6CEDA304FF}.Release|x86.ActiveCfg = Release|Any CPU
		{6EB4A818-3026-4E26-8FEE-7A6CEDA304FF}.Release|x86.Build.0 = Release|Any CPU
	EndGlobalSection
	GlobalSection(SolutionProperties) = preSolution
		HideSolutionNode = FALSE
	EndGlobalSection
	GlobalSection(NestedProjects) = preSolution
		{8A25AEF9-E9EF-4523-A4A7-D6A13BA9AE45} = {827E0CD3-B72D-47B6-A68D-7590B98EB39B}
		{1364BF90-E90A-4A4B-A7C6-50F5E72C48E4} = {827E0CD3-B72D-47B6-A68D-7590B98EB39B}
		{24ED2E8B-F41B-4991-B5BB-F1BD7970722B} = {827E0CD3-B72D-47B6-A68D-7590B98EB39B}
		{66841EFB-9CAC-4DF5-8BC2-30EC2B814E75} = {827E0CD3-B72D-47B6-A68D-7590B98EB39B}
		{FBB7162D-B7A3-4120-88D9-79163B185E3C} = {A1B2C3D4-E5F6-4A7B-8C9D-0E1F2A3B4C5D}
		{6EB4A818-3026-4E26-8FEE-7A6CEDA304FF} = {A1B2C3D4-E5F6-4A7B-8C9D-0E1F2A3B4C5D}
	EndGlobalSection
EndGlobal
